<?xml version="1.0" encoding="utf-8"?>
<Project xmlns="http://schemas.microsoft.com/developer/msbuild/2003">
  <ItemGroup>
    <Filter Include="Form Files">
      <UniqueIdentifier>{99349809-55BA-4b9d-BF79-8FDBB0286EB3}</UniqueIdentifier>
      <Extensions>ui</Extensions>
      <ParseFiles>false</ParseFiles>
    </Filter>
    <Filter Include="Form Files">
      <UniqueIdentifier>{99349809-55BA-4b9d-BF79-8FDBB0286EB3}</UniqueIdentifier>
      <Extensions>ui</Extensions>
      <ParseFiles>false</ParseFiles>
    </Filter>
    <Filter Include="Generated Files">
      <UniqueIdentifier>{71ED8ED8-ACB9-4CE9-BBE1-E00B30144E11}</UniqueIdentifier>
      <Extensions>cpp;c;cxx;moc;h;def;odl;idl;res;</Extensions>
    </Filter>
    <Filter Include="Generated Files">
      <UniqueIdentifier>{71ED8ED8-ACB9-4CE9-BBE1-E00B30144E11}</UniqueIdentifier>
      <Extensions>cpp;c;cxx;moc;h;def;odl;idl;res;</Extensions>
    </Filter>
    <Filter Include="Header Files">
      <UniqueIdentifier>{93995380-89BD-4b04-88EB-625FBE52EBFB}</UniqueIdentifier>
      <Extensions>h;hpp;hxx;hm;inl;inc;xsd</Extensions>
    </Filter>
    <Filter Include="Header Files">
      <UniqueIdentifier>{93995380-89BD-4b04-88EB-625FBE52EBFB}</UniqueIdentifier>
      <Extensions>h;hpp;hxx;hm;inl;inc;xsd</Extensions>
    </Filter>
    <Filter Include="Resource Files">
      <UniqueIdentifier>{D9D6E242-F8AF-46E4-B9FD-80ECBC20BA3E}</UniqueIdentifier>
      <Extensions>qrc;*</Extensions>
      <ParseFiles>false</ParseFiles>
    </Filter>
    <Filter Include="Resource Files">
      <UniqueIdentifier>{D9D6E242-F8AF-46E4-B9FD-80ECBC20BA3E}</UniqueIdentifier>
      <Extensions>qrc;*</Extensions>
      <ParseFiles>false</ParseFiles>
    </Filter>
    <Filter Include="Source Files">
      <UniqueIdentifier>{4FC737F1-C7A5-4376-A066-2A32D752A2FF}</UniqueIdentifier>
      <Extensions>cpp;c;cxx;def;odl;idl;hpj;bat;asm;asmx</Extensions>
    </Filter>
    <Filter Include="Source Files">
      <UniqueIdentifier>{4FC737F1-C7A5-4376-A066-2A32D752A2FF}</UniqueIdentifier>
      <Extensions>cpp;c;cxx;def;odl;idl;hpj;bat;asm;asmx</Extensions>
    </Filter>
  </ItemGroup>
  <ItemGroup>
    <ClCompile Include="source\appinit.cpp">
      <Filter>Source Files</Filter>
    </ClCompile>
    <ClCompile Include="source\basedlg.cpp">
      <Filter>Source Files</Filter>
    </ClCompile>
    <ClCompile Include="source\boderpane.cpp">
      <Filter>Source Files</Filter>
    </ClCompile>
    <ClCompile Include="source\carouselpane.cpp">
      <Filter>Source Files</Filter>
    </ClCompile>
    <ClCompile Include="source\catpane.cpp">
      <Filter>Source Files</Filter>
    </ClCompile>
    <ClCompile Include="source\chattoptoolbar.cpp">
      <Filter>Source Files</Filter>
    </ClCompile>
    <ClCompile Include="source\clockpane.cpp">
      <Filter>Source Files</Filter>
    </ClCompile>
    <ClCompile Include="source\component.cpp">
      <Filter>Source Files</Filter>
    </ClCompile>
    <ClCompile Include="source\contactspane.cpp">
      <Filter>Source Files</Filter>
    </ClCompile>
    <ClCompile Include="source\datamgrpane.cpp">
      <Filter>Source Files</Filter>
    </ClCompile>
    <ClCompile Include="source\dynamiccard.cpp">
      <Filter>Source Files</Filter>
    </ClCompile>
    <ClCompile Include="source\friendslist.cpp">
      <Filter>Source Files</Filter>
    </ClCompile>
    <ClCompile Include="source\iconhelper.cpp">
      <Filter>Source Files</Filter>
    </ClCompile>
    <ClCompile Include="source\incofontpane.cpp">
      <Filter>Source Files</Filter>
    </ClCompile>
    <ClCompile Include="source\logindlg.cpp">
      <Filter>Source Files</Filter>
    </ClCompile>
    <ClCompile Include="source\main.cpp">
      <Filter>Source Files</Filter>
    </ClCompile>
    <ClCompile Include="source\msgpane.cpp">
      <Filter>Source Files</Filter>
    </ClCompile>
    <ClCompile Include="source\msgqueue.cpp">
      <Filter>Source Files</Filter>
    </ClCompile>
    <ClCompile Include="source\navigationbar.cpp">
      <Filter>Source Files</Filter>
    </ClCompile>
    <ClCompile Include="source\navpane.cpp">
      <Filter>Source Files</Filter>
    </ClCompile>
    <ClCompile Include="source\notificationpane.cpp">
      <Filter>Source Files</Filter>
    </ClCompile>
    <ClCompile Include="source\popconfirm.cpp">
      <Filter>Source Files</Filter>
    </ClCompile>
    <ClCompile Include="source\pushbuttonex.cpp">
      <Filter>Source Files</Filter>
    </ClCompile>
    <ClCompile Include="source\slider.cpp">
      <Filter>Source Files</Filter>
    </ClCompile>
    <ClCompile Include="source\tipwidget.cpp">
      <Filter>Source Files</Filter>
    </ClCompile>
    <ClCompile Include="source\userdetaildlg.cpp">
      <Filter>Source Files</Filter>
    </ClCompile>
    <ClCompile Include="source\userpane.cpp">
      <Filter>Source Files</Filter>
    </ClCompile>
    <ClCompile Include="source\userprofiles.cpp">
      <Filter>Source Files</Filter>
    </ClCompile>
    <ClCompile Include="source\weatherpane.cpp">
      <Filter>Source Files</Filter>
    </ClCompile>
    <ClCompile Include="source\wecomwnd.cpp">
      <Filter>Source Files</Filter>
    </ClCompile>
    <ClCompile Include="comsocket.cpp">
      <Filter>Generated Files</Filter>
    </ClCompile>
  </ItemGroup>
  <ItemGroup>
    <QtMoc Include="include\appinit.h">
      <Filter>Header Files</Filter>
    </QtMoc>
    <QtMoc Include="include\basedlg.h">
      <Filter>Header Files</Filter>
    </QtMoc>
    <QtMoc Include="include\boderpane.h">
      <Filter>Header Files</Filter>
    </QtMoc>
    <QtMoc Include="include\carouselpane.h">
      <Filter>Header Files</Filter>
    </QtMoc>
    <QtMoc Include="include\catpane.h">
      <Filter>Header Files</Filter>
    </QtMoc>
    <QtMoc Include="include\chattoptoolbar.h">
      <Filter>Header Files</Filter>
    </QtMoc>
    <QtMoc Include="include\clockpane.h">
      <Filter>Header Files</Filter>
    </QtMoc>
    <QtMoc Include="include\component.h">
      <Filter>Header Files</Filter>
    </QtMoc>
    <QtMoc Include="include\contactspane.h">
      <Filter>Header Files</Filter>
    </QtMoc>
    <QtMoc Include="include\datamgrpane.h">
      <Filter>Header Files</Filter>
    </QtMoc>
    <QtMoc Include="include\dynamiccard.h">
      <Filter>Header Files</Filter>
    </QtMoc>
    <QtMoc Include="include\friendslist.h">
      <Filter>Header Files</Filter>
    </QtMoc>
    <QtMoc Include="include\iconhelper.h">
      <Filter>Header Files</Filter>
    </QtMoc>
    <QtMoc Include="include\incofontpane.h">
      <Filter>Header Files</Filter>
    </QtMoc>
    <QtMoc Include="include\logindlg.h">
      <Filter>Header Files</Filter>
    </QtMoc>
    <QtMoc Include="include\msgpane.h">
      <Filter>Header Files</Filter>
    </QtMoc>
    <QtMoc Include="include\msgqueue.h">
      <Filter>Header Files</Filter>
    </QtMoc>
    <QtMoc Include="include\navigationbar.h">
      <Filter>Header Files</Filter>
    </QtMoc>
    <QtMoc Include="include\navpane.h">
      <Filter>Header Files</Filter>
    </QtMoc>
    <QtMoc Include="include\notificationpane.h">
      <Filter>Header Files</Filter>
    </QtMoc>
    <QtMoc Include="include\popconfirm.h">
      <Filter>Header Files</Filter>
    </QtMoc>
    <ClInclude Include="include\public.h">
      <Filter>Header Files</Filter>
    </ClInclude>
    <QtMoc Include="include\pushbuttonex.h">
      <Filter>Header Files</Filter>
    </QtMoc>
    <QtMoc Include="include\slider.h">
      <Filter>Header Files</Filter>
    </QtMoc>
    <QtMoc Include="include\tipwidget.h">
      <Filter>Header Files</Filter>
    </QtMoc>
    <QtMoc Include="include\userdetaildlg.h">
      <Filter>Header Files</Filter>
    </QtMoc>
    <QtMoc Include="include\userpane.h">
      <Filter>Header Files</Filter>
    </QtMoc>
    <QtMoc Include="include\userprofiles.h">
      <Filter>Header Files</Filter>
    </QtMoc>
    <QtMoc Include="include\weatherpane.h">
      <Filter>Header Files</Filter>
    </QtMoc>
    <QtMoc Include="include\wecomwnd.h">
      <Filter>Header Files</Filter>
    </QtMoc>
    <QtMoc Include="comsocket.h">
      <Filter>Generated Files</Filter>
    </QtMoc>
  </ItemGroup>
  <ItemGroup>
    <QtUic Include="ui\userprofiles.ui">
      <Filter>Form Files</Filter>
    </QtUic>
    <QtUic Include="ui\wecomwnd.ui">
      <Filter>Form Files</Filter>
    </QtUic>
  </ItemGroup>
  <ItemGroup>
    <None Include="res\WeComCopy.ico">
      <Filter>Resource Files</Filter>
    </None>
    <None Include="res\WeComCopy.rc">
      <Filter>Resource Files</Filter>
    </None>
    <QtRcc Include="res\wecomcopy.qrc">
      <Filter>Resource Files</Filter>
    </QtRcc>
  </ItemGroup>
</Project>